
Microsoft Visual Studio Solution File, Format Version 12.00
# Visual Studio Version 16
VisualStudioVersion = 16.0.33214.272
MinimumVisualStudioVersion = 10.0.40219.1
Project("{FAE04EC0-301F-11D3-BF4B-00C04F79EFBC}") = "OOP-Polimorfismo", "OOP-Polimorfismo\OOP-Polimorfismo.csproj", "{2742A659-EF04-4A90-AF64-2E334F9ED713}"
EndProject
Global
	GlobalSection(SolutionConfigurationPlatforms) = preSolution
		Debug|Any CPU = Debug|Any CPU
		Release|Any CPU = Release|Any CPU
	EndGlobalSection
	GlobalSection(ProjectConfigurationPlatforms) = postSolution
		{2742A659-EF04-4A90-AF64-2E334F9ED713}.Debug|Any CPU.ActiveCfg = Debug|Any CPU
		{2742A659-EF04-4A90-AF64-2E334F9ED713}.Debug|Any CPU.Build.0 = Debug|Any CPU
		{2742A659-EF04-4A90-AF64-2E334F9ED713}.Release|Any CPU.ActiveCfg = Release|Any CPU
		{2742A659-EF04-4A90-AF64-2E334F9ED713}.Release|Any CPU.Build.0 = Release|Any CPU
	EndGlobalSection
	GlobalSection(SolutionProperties) = preSolution
		HideSolutionNode = FALSE
	EndGlobalSection
	GlobalSection(ExtensibilityGlobals) = postSolution
		SolutionGuid = {D2C6013F-81EF-4C7A-955A-4C11C4C72F31}
	EndGlobalSection
EndGlobal
